
Microsoft Visual Studio Solution File, Format Version 12.00
# Visual Studio Version 17
VisualStudioVersion = 17.4.33205.214
MinimumVisualStudioVersion = 10.0.40219.1
Project("{FAE04EC0-301F-11D3-BF4B-00C04F79EFBC}") = "ExemploFluxoAssincrono", "ExemploFluxoAssincrono\ExemploFluxoAssincrono.csproj", "{E5C6860E-ED19-4CC6-A1FB-EDF7B5A3AE3E}"
EndProject
Global
	GlobalSection(SolutionConfigurationPlatforms) = preSolution
		Debug|Any CPU = Debug|Any CPU
		Release|Any CPU = Release|Any CPU
	EndGlobalSection
	GlobalSection(ProjectConfigurationPlatforms) = postSolution
		{E5C6860E-ED19-4CC6-A1FB-EDF7B5A3AE3E}.Debug|Any CPU.ActiveCfg = Debug|Any CPU
		{E5C6860E-ED19-4CC6-A1FB-EDF7B5A3AE3E}.Debug|Any CPU.Build.0 = Debug|Any CPU
		{E5C6860E-ED19-4CC6-A1FB-EDF7B5A3AE3E}.Release|Any CPU.ActiveCfg = Release|Any CPU
		{E5C6860E-ED19-4CC6-A1FB-EDF7B5A3AE3E}.Release|Any CPU.Build.0 = Release|Any CPU
	EndGlobalSection
	GlobalSection(SolutionProperties) = preSolution
		HideSolutionNode = FALSE
	EndGlobalSection
	GlobalSection(ExtensibilityGlobals) = postSolution
		SolutionGuid = {E1455461-00CC-4E9F-9C24-C51DEDA36269}
	EndGlobalSection
EndGlobal
